// !$*UTF8*$!
{
	archiveVersion = 1;
	classes = {
	};
	objectVersion = 56;
	objects = {

/* Begin PBXBuildFile section */
		0164C556661A4199A7B3DA0D /* Pods_Luminary_LuminaryUITests.framework in Frameworks */ = {isa = PBXBuildFile; fileRef = 4EF3CA24245840A39EB7D650 /* Pods_Luminary_LuminaryUITests.framework */; };
		0C6F37642C8BDDCC006F5E83 /* LuminaryApp.swift in Sources */ = {isa = PBXBuildFile; fileRef = 0C6F37632C8BDDCC006F5E83 /* LuminaryApp.swift */; };
		0C6F37682C8BDDCC006F5E83 /* Item.swift in Sources */ = {isa = PBXBuildFile; fileRef = 0C6F37672C8BDDCC006F5E83 /* Item.swift */; };
		0C6F376A2C8BDDCD006F5E83 /* Assets.xcassets in Resources */ = {isa = PBXBuildFile; fileRef = 0C6F37692C8BDDCD006F5E83 /* Assets.xcassets */; };
		0C6F376D2C8BDDCE006F5E83 /* Preview Assets.xcassets in Resources */ = {isa = PBXBuildFile; fileRef = 0C6F376C2C8BDDCE006F5E83 /* Preview Assets.xcassets */; };
		0C6F37772C8BDDCE006F5E83 /* LuminaryTests.swift in Sources */ = {isa = PBXBuildFile; fileRef = 0C6F37762C8BDDCE006F5E83 /* LuminaryTests.swift */; };
		0C6F37812C8BDDCE006F5E83 /* LuminaryUITests.swift in Sources */ = {isa = PBXBuildFile; fileRef = 0C6F37802C8BDDCE006F5E83 /* LuminaryUITests.swift */; };
		0C6F37832C8BDDCE006F5E83 /* LuminaryUITestsLaunchTests.swift in Sources */ = {isa = PBXBuildFile; fileRef = 0C6F37822C8BDDCE006F5E83 /* LuminaryUITestsLaunchTests.swift */; };
		0C6F37942C8C05C7006F5E83 /* LaunchScreenView.swift in Sources */ = {isa = PBXBuildFile; fileRef = 0C6F37932C8C05C7006F5E83 /* LaunchScreenView.swift */; };
		0C6F37A82C8C2F33006F5E83 /* NavigationBarModifier.swift in Sources */ = {isa = PBXBuildFile; fileRef = 0C6F37A72C8C2F33006F5E83 /* NavigationBarModifier.swift */; };
		0C6F37BB2C8C400F006F5E83 /* View+Extensions.swift in Sources */ = {isa = PBXBuildFile; fileRef = 0C6F37B92C8C400F006F5E83 /* View+Extensions.swift */; };
		0C6F37BC2C8C400F006F5E83 /* Color+Extensions.swift in Sources */ = {isa = PBXBuildFile; fileRef = 0C6F37BA2C8C400F006F5E83 /* Color+Extensions.swift */; };
		0C6F37C12C8C405C006F5E83 /* HomeView.swift in Sources */ = {isa = PBXBuildFile; fileRef = 0C6F37BD2C8C405C006F5E83 /* HomeView.swift */; };
		0C6F37CB2C8C40C7006F5E83 /* TextFieldStyle.swift in Sources */ = {isa = PBXBuildFile; fileRef = 0C6F37C72C8C40C7006F5E83 /* TextFieldStyle.swift */; };
		0C6F37CD2C8C44B3006F5E83 /* AppRootManager.swift in Sources */ = {isa = PBXBuildFile; fileRef = 0C6F37CC2C8C44B3006F5E83 /* AppRootManager.swift */; };
		0C6F37D12C8C4591006F5E83 /* RecentCell.swift in Sources */ = {isa = PBXBuildFile; fileRef = 0C6F37D02C8C4591006F5E83 /* RecentCell.swift */; };
		0C6F37D52C8C4BA9006F5E83 /* DetailsView.swift in Sources */ = {isa = PBXBuildFile; fileRef = 0C6F37D42C8C4BA9006F5E83 /* DetailsView.swift */; };
		0C6F37D72C8C4CDC006F5E83 /* EpisodesCell.swift in Sources */ = {isa = PBXBuildFile; fileRef = 0C6F37D62C8C4CDC006F5E83 /* EpisodesCell.swift */; };
		0C6F37DB2C8DA63B006F5E83 /* TabBarPlayerView.swift in Sources */ = {isa = PBXBuildFile; fileRef = 0C6F37DA2C8DA63A006F5E83 /* TabBarPlayerView.swift */; };
		0C6F37DE2C8E1700006F5E83 /* CustomSlider.swift in Sources */ = {isa = PBXBuildFile; fileRef = 0C6F37DD2C8E1700006F5E83 /* CustomSlider.swift */; };
		0C6F37E02C8E2FD4006F5E83 /* RoundedCorner.swift in Sources */ = {isa = PBXBuildFile; fileRef = 0C6F37DF2C8E2FD4006F5E83 /* RoundedCorner.swift */; };
		0C6F37E42C8E3D8F006F5E83 /* PlayerView.swift in Sources */ = {isa = PBXBuildFile; fileRef = 0C6F37E32C8E3D8F006F5E83 /* PlayerView.swift */; };
		0C6F37E82C8E7634006F5E83 /* Podcast.swift in Sources */ = {isa = PBXBuildFile; fileRef = 0C6F37E72C8E7634006F5E83 /* Podcast.swift */; };
		0C6F37EA2C8E7644006F5E83 /* Episode.swift in Sources */ = {isa = PBXBuildFile; fileRef = 0C6F37E92C8E7644006F5E83 /* Episode.swift */; };
		0C6F37ED2C8E7690006F5E83 /* PodcastService.swift in Sources */ = {isa = PBXBuildFile; fileRef = 0C6F37EC2C8E7690006F5E83 /* PodcastService.swift */; };
		0C6F37EF2C8E76CF006F5E83 /* HomeViewModel.swift in Sources */ = {isa = PBXBuildFile; fileRef = 0C6F37EE2C8E76CF006F5E83 /* HomeViewModel.swift */; };
		0C6F37F12C8EA3FB006F5E83 /* AlertToast.swift in Sources */ = {isa = PBXBuildFile; fileRef = 0C6F37F02C8EA3FB006F5E83 /* AlertToast.swift */; };
		0C6F37F32C8EA444006F5E83 /* ToastModifier.swift in Sources */ = {isa = PBXBuildFile; fileRef = 0C6F37F22C8EA444006F5E83 /* ToastModifier.swift */; };
		0C6F37F62C8F2EED006F5E83 /* PodcastXMLParser.swift in Sources */ = {isa = PBXBuildFile; fileRef = 0C6F37F52C8F2EED006F5E83 /* PodcastXMLParser.swift */; };
		0C6F37F82C8F2F6C006F5E83 /* DateFormatter+Extensions.swift in Sources */ = {isa = PBXBuildFile; fileRef = 0C6F37F72C8F2F6C006F5E83 /* DateFormatter+Extensions.swift */; };
		0C6F37FA2C8F3C4C006F5E83 /* PodcastBuilder.swift in Sources */ = {isa = PBXBuildFile; fileRef = 0C6F37F92C8F3C4C006F5E83 /* PodcastBuilder.swift */; };
		94D56B5B542A2C1D4D74913B /* Pods_LuminaryTests.framework in Frameworks */ = {isa = PBXBuildFile; fileRef = A75D78A4DF45F1E00BFBA6D2 /* Pods_LuminaryTests.framework */; };
		D3855611015B0CB402D0431F /* Pods_Luminary.framework in Frameworks */ = {isa = PBXBuildFile; fileRef = 93EFAF0057A8723B2A6BFB85 /* Pods_Luminary.framework */; };
/* End PBXBuildFile section */

/* Begin PBXContainerItemProxy section */
		0C6F37732C8BDDCE006F5E83 /* PBXContainerItemProxy */ = {
			isa = PBXContainerItemProxy;
			containerPortal = 0C6F37582C8BDDCC006F5E83 /* Project object */;
			proxyType = 1;
			remoteGlobalIDString = 0C6F375F2C8BDDCC006F5E83;
			remoteInfo = Luminary;
		};
		0C6F377D2C8BDDCE006F5E83 /* PBXContainerItemProxy */ = {
			isa = PBXContainerItemProxy;
			containerPortal = 0C6F37582C8BDDCC006F5E83 /* Project object */;
			proxyType = 1;
			remoteGlobalIDString = 0C6F375F2C8BDDCC006F5E83;
			remoteInfo = Luminary;
		};
/* End PBXContainerItemProxy section */

/* Begin PBXFileReference section */
		0C6F37602C8BDDCC006F5E83 /* Luminary.app */ = {isa = PBXFileReference; explicitFileType = wrapper.application; includeInIndex = 0; path = Luminary.app; sourceTree = BUILT_PRODUCTS_DIR; };
		0C6F37632C8BDDCC006F5E83 /* LuminaryApp.swift */ = {isa = PBXFileReference; lastKnownFileType = sourcecode.swift; path = LuminaryApp.swift; sourceTree = "<group>"; };
		0C6F37672C8BDDCC006F5E83 /* Item.swift */ = {isa = PBXFileReference; lastKnownFileType = sourcecode.swift; path = Item.swift; sourceTree = "<group>"; };
		0C6F37692C8BDDCD006F5E83 /* Assets.xcassets */ = {isa = PBXFileReference; lastKnownFileType = folder.assetcatalog; path = Assets.xcassets; sourceTree = "<group>"; };
		0C6F376C2C8BDDCE006F5E83 /* Preview Assets.xcassets */ = {isa = PBXFileReference; lastKnownFileType = folder.assetcatalog; path = "Preview Assets.xcassets"; sourceTree = "<group>"; };
		0C6F37722C8BDDCE006F5E83 /* LuminaryTests.xctest */ = {isa = PBXFileReference; explicitFileType = wrapper.cfbundle; includeInIndex = 0; path = LuminaryTests.xctest; sourceTree = BUILT_PRODUCTS_DIR; };
		0C6F37762C8BDDCE006F5E83 /* LuminaryTests.swift */ = {isa = PBXFileReference; lastKnownFileType = sourcecode.swift; path = LuminaryTests.swift; sourceTree = "<group>"; };
		0C6F377C2C8BDDCE006F5E83 /* LuminaryUITests.xctest */ = {isa = PBXFileReference; explicitFileType = wrapper.cfbundle; includeInIndex = 0; path = LuminaryUITests.xctest; sourceTree = BUILT_PRODUCTS_DIR; };
		0C6F37802C8BDDCE006F5E83 /* LuminaryUITests.swift */ = {isa = PBXFileReference; lastKnownFileType = sourcecode.swift; path = LuminaryUITests.swift; sourceTree = "<group>"; };
		0C6F37822C8BDDCE006F5E83 /* LuminaryUITestsLaunchTests.swift */ = {isa = PBXFileReference; lastKnownFileType = sourcecode.swift; path = LuminaryUITestsLaunchTests.swift; sourceTree = "<group>"; };
		0C6F37932C8C05C7006F5E83 /* LaunchScreenView.swift */ = {isa = PBXFileReference; lastKnownFileType = sourcecode.swift; path = LaunchScreenView.swift; sourceTree = "<group>"; };
		0C6F37A72C8C2F33006F5E83 /* NavigationBarModifier.swift */ = {isa = PBXFileReference; lastKnownFileType = sourcecode.swift; path = NavigationBarModifier.swift; sourceTree = "<group>"; };
		0C6F37B92C8C400F006F5E83 /* View+Extensions.swift */ = {isa = PBXFileReference; fileEncoding = 4; lastKnownFileType = sourcecode.swift; name = "View+Extensions.swift"; path = "Luminary/Core/Extensions/View+Extensions.swift"; sourceTree = SOURCE_ROOT; };
		0C6F37BA2C8C400F006F5E83 /* Color+Extensions.swift */ = {isa = PBXFileReference; fileEncoding = 4; lastKnownFileType = sourcecode.swift; name = "Color+Extensions.swift"; path = "Luminary/Core/Extensions/Color+Extensions.swift"; sourceTree = SOURCE_ROOT; };
		0C6F37BD2C8C405C006F5E83 /* HomeView.swift */ = {isa = PBXFileReference; fileEncoding = 4; lastKnownFileType = sourcecode.swift; path = HomeView.swift; sourceTree = "<group>"; };
		0C6F37C72C8C40C7006F5E83 /* TextFieldStyle.swift */ = {isa = PBXFileReference; fileEncoding = 4; lastKnownFileType = sourcecode.swift; path = TextFieldStyle.swift; sourceTree = "<group>"; };
		0C6F37CC2C8C44B3006F5E83 /* AppRootManager.swift */ = {isa = PBXFileReference; lastKnownFileType = sourcecode.swift; path = AppRootManager.swift; sourceTree = "<group>"; };
		0C6F37D02C8C4591006F5E83 /* RecentCell.swift */ = {isa = PBXFileReference; lastKnownFileType = sourcecode.swift; path = RecentCell.swift; sourceTree = "<group>"; };
		0C6F37D42C8C4BA9006F5E83 /* DetailsView.swift */ = {isa = PBXFileReference; lastKnownFileType = sourcecode.swift; path = DetailsView.swift; sourceTree = "<group>"; };
		0C6F37D62C8C4CDC006F5E83 /* EpisodesCell.swift */ = {isa = PBXFileReference; lastKnownFileType = sourcecode.swift; path = EpisodesCell.swift; sourceTree = "<group>"; };
		0C6F37DA2C8DA63A006F5E83 /* TabBarPlayerView.swift */ = {isa = PBXFileReference; lastKnownFileType = sourcecode.swift; path = TabBarPlayerView.swift; sourceTree = "<group>"; };
		0C6F37DD2C8E1700006F5E83 /* CustomSlider.swift */ = {isa = PBXFileReference; lastKnownFileType = sourcecode.swift; path = CustomSlider.swift; sourceTree = "<group>"; };
		0C6F37DF2C8E2FD4006F5E83 /* RoundedCorner.swift */ = {isa = PBXFileReference; lastKnownFileType = sourcecode.swift; path = RoundedCorner.swift; sourceTree = "<group>"; };
		0C6F37E32C8E3D8F006F5E83 /* PlayerView.swift */ = {isa = PBXFileReference; lastKnownFileType = sourcecode.swift; path = PlayerView.swift; sourceTree = "<group>"; };
		0C6F37E72C8E7634006F5E83 /* Podcast.swift */ = {isa = PBXFileReference; lastKnownFileType = sourcecode.swift; path = Podcast.swift; sourceTree = "<group>"; };
		0C6F37E92C8E7644006F5E83 /* Episode.swift */ = {isa = PBXFileReference; lastKnownFileType = sourcecode.swift; path = Episode.swift; sourceTree = "<group>"; };
		0C6F37EC2C8E7690006F5E83 /* PodcastService.swift */ = {isa = PBXFileReference; lastKnownFileType = sourcecode.swift; path = PodcastService.swift; sourceTree = "<group>"; };
		0C6F37EE2C8E76CF006F5E83 /* HomeViewModel.swift */ = {isa = PBXFileReference; lastKnownFileType = sourcecode.swift; path = HomeViewModel.swift; sourceTree = "<group>"; };
		0C6F37F02C8EA3FB006F5E83 /* AlertToast.swift */ = {isa = PBXFileReference; lastKnownFileType = sourcecode.swift; path = AlertToast.swift; sourceTree = "<group>"; };
		0C6F37F22C8EA444006F5E83 /* ToastModifier.swift */ = {isa = PBXFileReference; lastKnownFileType = sourcecode.swift; path = ToastModifier.swift; sourceTree = "<group>"; };
		0C6F37F52C8F2EED006F5E83 /* PodcastXMLParser.swift */ = {isa = PBXFileReference; lastKnownFileType = sourcecode.swift; path = PodcastXMLParser.swift; sourceTree = "<group>"; };
		0C6F37F72C8F2F6C006F5E83 /* DateFormatter+Extensions.swift */ = {isa = PBXFileReference; lastKnownFileType = sourcecode.swift; path = "DateFormatter+Extensions.swift"; sourceTree = "<group>"; };
		0C6F37F92C8F3C4C006F5E83 /* PodcastBuilder.swift */ = {isa = PBXFileReference; lastKnownFileType = sourcecode.swift; path = PodcastBuilder.swift; sourceTree = "<group>"; };
		4EF3CA24245840A39EB7D650 /* Pods_Luminary_LuminaryUITests.framework */ = {isa = PBXFileReference; explicitFileType = wrapper.framework; includeInIndex = 0; path = Pods_Luminary_LuminaryUITests.framework; sourceTree = BUILT_PRODUCTS_DIR; };
		582B2F1D7BA21836BC2AA333 /* Pods-Luminary-LuminaryUITests.debug.xcconfig */ = {isa = PBXFileReference; includeInIndex = 1; lastKnownFileType = text.xcconfig; name = "Pods-Luminary-LuminaryUITests.debug.xcconfig"; path = "Target Support Files/Pods-Luminary-LuminaryUITests/Pods-Luminary-LuminaryUITests.debug.xcconfig"; sourceTree = "<group>"; };
		93EFAF0057A8723B2A6BFB85 /* Pods_Luminary.framework */ = {isa = PBXFileReference; explicitFileType = wrapper.framework; includeInIndex = 0; path = Pods_Luminary.framework; sourceTree = BUILT_PRODUCTS_DIR; };
		A6A91E85BC40D11F45D962C7 /* Pods-Luminary.release.xcconfig */ = {isa = PBXFileReference; includeInIndex = 1; lastKnownFileType = text.xcconfig; name = "Pods-Luminary.release.xcconfig"; path = "Target Support Files/Pods-Luminary/Pods-Luminary.release.xcconfig"; sourceTree = "<group>"; };
		A75D78A4DF45F1E00BFBA6D2 /* Pods_LuminaryTests.framework */ = {isa = PBXFileReference; explicitFileType = wrapper.framework; includeInIndex = 0; path = Pods_LuminaryTests.framework; sourceTree = BUILT_PRODUCTS_DIR; };
		A8602E1F21CC982077289B69 /* Pods-Luminary.debug.xcconfig */ = {isa = PBXFileReference; includeInIndex = 1; lastKnownFileType = text.xcconfig; name = "Pods-Luminary.debug.xcconfig"; path = "Target Support Files/Pods-Luminary/Pods-Luminary.debug.xcconfig"; sourceTree = "<group>"; };
		BCB173652E0658CED618C3B2 /* Pods-LuminaryTests.debug.xcconfig */ = {isa = PBXFileReference; includeInIndex = 1; lastKnownFileType = text.xcconfig; name = "Pods-LuminaryTests.debug.xcconfig"; path = "Target Support Files/Pods-LuminaryTests/Pods-LuminaryTests.debug.xcconfig"; sourceTree = "<group>"; };
		DD3BA4A66B0C75A22838A25D /* Pods-LuminaryTests.release.xcconfig */ = {isa = PBXFileReference; includeInIndex = 1; lastKnownFileType = text.xcconfig; name = "Pods-LuminaryTests.release.xcconfig"; path = "Target Support Files/Pods-LuminaryTests/Pods-LuminaryTests.release.xcconfig"; sourceTree = "<group>"; };
		E91E470BCBC3151D6B1474BD /* Pods-Luminary-LuminaryUITests.release.xcconfig */ = {isa = PBXFileReference; includeInIndex = 1; lastKnownFileType = text.xcconfig; name = "Pods-Luminary-LuminaryUITests.release.xcconfig"; path = "Target Support Files/Pods-Luminary-LuminaryUITests/Pods-Luminary-LuminaryUITests.release.xcconfig"; sourceTree = "<group>"; };
/* End PBXFileReference section */

/* Begin PBXFrameworksBuildPhase section */
		0C6F375D2C8BDDCC006F5E83 /* Frameworks */ = {
			isa = PBXFrameworksBuildPhase;
			buildActionMask = 2147483647;
			files = (
				D3855611015B0CB402D0431F /* Pods_Luminary.framework in Frameworks */,
			);
			runOnlyForDeploymentPostprocessing = 0;
		};
		0C6F376F2C8BDDCE006F5E83 /* Frameworks */ = {
			isa = PBXFrameworksBuildPhase;
			buildActionMask = 2147483647;
			files = (
				94D56B5B542A2C1D4D74913B /* Pods_LuminaryTests.framework in Frameworks */,
			);
			runOnlyForDeploymentPostprocessing = 0;
		};
		0C6F37792C8BDDCE006F5E83 /* Frameworks */ = {
			isa = PBXFrameworksBuildPhase;
			buildActionMask = 2147483647;
			files = (
				0164C556661A4199A7B3DA0D /* Pods_Luminary_LuminaryUITests.framework in Frameworks */,
			);
			runOnlyForDeploymentPostprocessing = 0;
		};
/* End PBXFrameworksBuildPhase section */

/* Begin PBXGroup section */
		0C6F37572C8BDDCC006F5E83 = {
			isa = PBXGroup;
			children = (
				0C6F37622C8BDDCC006F5E83 /* Luminary */,
				0C6F37752C8BDDCE006F5E83 /* LuminaryTests */,
				0C6F377F2C8BDDCE006F5E83 /* LuminaryUITests */,
				0C6F37612C8BDDCC006F5E83 /* Products */,
				4D852498F5BF8DE4F0C1D4BF /* Pods */,
				21AA36ABFC85BCA9959269D2 /* Frameworks */,
			);
			sourceTree = "<group>";
		};
		0C6F37612C8BDDCC006F5E83 /* Products */ = {
			isa = PBXGroup;
			children = (
				0C6F37602C8BDDCC006F5E83 /* Luminary.app */,
				0C6F37722C8BDDCE006F5E83 /* LuminaryTests.xctest */,
				0C6F377C2C8BDDCE006F5E83 /* LuminaryUITests.xctest */,
			);
			name = Products;
			sourceTree = "<group>";
		};
		0C6F37622C8BDDCC006F5E83 /* Luminary */ = {
			isa = PBXGroup;
			children = (
				0C6F37A12C8C284B006F5E83 /* Core */,
				0C6F37902C8C05AD006F5E83 /* Scenes */,
				0C6F37632C8BDDCC006F5E83 /* LuminaryApp.swift */,
				0C6F37672C8BDDCC006F5E83 /* Item.swift */,
				0C6F37692C8BDDCD006F5E83 /* Assets.xcassets */,
				0C6F376B2C8BDDCE006F5E83 /* Preview Content */,
			);
			path = Luminary;
			sourceTree = "<group>";
		};
		0C6F376B2C8BDDCE006F5E83 /* Preview Content */ = {
			isa = PBXGroup;
			children = (
				0C6F376C2C8BDDCE006F5E83 /* Preview Assets.xcassets */,
			);
			path = "Preview Content";
			sourceTree = "<group>";
		};
		0C6F37752C8BDDCE006F5E83 /* LuminaryTests */ = {
			isa = PBXGroup;
			children = (
				0C6F37762C8BDDCE006F5E83 /* LuminaryTests.swift */,
			);
			path = LuminaryTests;
			sourceTree = "<group>";
		};
		0C6F377F2C8BDDCE006F5E83 /* LuminaryUITests */ = {
			isa = PBXGroup;
			children = (
				0C6F37802C8BDDCE006F5E83 /* LuminaryUITests.swift */,
				0C6F37822C8BDDCE006F5E83 /* LuminaryUITestsLaunchTests.swift */,
			);
			path = LuminaryUITests;
			sourceTree = "<group>";
		};
		0C6F37902C8C05AD006F5E83 /* Scenes */ = {
			isa = PBXGroup;
			children = (
				0C6F37D82C8DA627006F5E83 /* Player */,
				0C6F37D22C8C4B98006F5E83 /* Details */,
				0C6F37C02C8C405C006F5E83 /* Home */,
				0C6F37912C8C05B4006F5E83 /* LaunchScreen */,
			);
			path = Scenes;
			sourceTree = "<group>";
		};
		0C6F37912C8C05B4006F5E83 /* LaunchScreen */ = {
			isa = PBXGroup;
			children = (
				0C6F37922C8C05BB006F5E83 /* View */,
			);
			path = LaunchScreen;
			sourceTree = "<group>";
		};
		0C6F37922C8C05BB006F5E83 /* View */ = {
			isa = PBXGroup;
			children = (
				0C6F37932C8C05C7006F5E83 /* LaunchScreenView.swift */,
			);
			path = View;
			sourceTree = "<group>";
		};
		0C6F37A12C8C284B006F5E83 /* Core */ = {
			isa = PBXGroup;
			children = (
				0C6F37F42C8F2EDD006F5E83 /* Parser */,
				0C6F37EB2C8E767F006F5E83 /* Network */,
				0C6F37E62C8E7625006F5E83 /* Models */,
				0C6F37DC2C8E16F5006F5E83 /* Components */,
				0C6F37C22C8C40C7006F5E83 /* Extensions */,
				0C6F37C82C8C40C7006F5E83 /* Styles */,
				0C6F37A62C8C2F24006F5E83 /* Modifiers */,
				0C6F37CC2C8C44B3006F5E83 /* AppRootManager.swift */,
			);
			path = Core;
			sourceTree = "<group>";
		};
		0C6F37A62C8C2F24006F5E83 /* Modifiers */ = {
			isa = PBXGroup;
			children = (
				0C6F37A72C8C2F33006F5E83 /* NavigationBarModifier.swift */,
				0C6F37F22C8EA444006F5E83 /* ToastModifier.swift */,
			);
			path = Modifiers;
			sourceTree = "<group>";
		};
		0C6F37BE2C8C405C006F5E83 /* View */ = {
			isa = PBXGroup;
			children = (
				0C6F37BD2C8C405C006F5E83 /* HomeView.swift */,
				0C6F37D02C8C4591006F5E83 /* RecentCell.swift */,
			);
			path = View;
			sourceTree = "<group>";
		};
		0C6F37BF2C8C405C006F5E83 /* ViewModel */ = {
			isa = PBXGroup;
			children = (
				0C6F37EE2C8E76CF006F5E83 /* HomeViewModel.swift */,
			);
			path = ViewModel;
			sourceTree = "<group>";
		};
		0C6F37C02C8C405C006F5E83 /* Home */ = {
			isa = PBXGroup;
			children = (
				0C6F37BE2C8C405C006F5E83 /* View */,
				0C6F37BF2C8C405C006F5E83 /* ViewModel */,
			);
			path = Home;
			sourceTree = "<group>";
		};
		0C6F37C22C8C40C7006F5E83 /* Extensions */ = {
			isa = PBXGroup;
			children = (
				0C6F37BA2C8C400F006F5E83 /* Color+Extensions.swift */,
				0C6F37B92C8C400F006F5E83 /* View+Extensions.swift */,
				0C6F37F72C8F2F6C006F5E83 /* DateFormatter+Extensions.swift */,
			);
			path = Extensions;
			sourceTree = "<group>";
		};
		0C6F37C82C8C40C7006F5E83 /* Styles */ = {
			isa = PBXGroup;
			children = (
				0C6F37C72C8C40C7006F5E83 /* TextFieldStyle.swift */,
			);
			path = Styles;
			sourceTree = "<group>";
		};
		0C6F37D22C8C4B98006F5E83 /* Details */ = {
			isa = PBXGroup;
			children = (
				0C6F37D32C8C4B9F006F5E83 /* View */,
			);
			path = Details;
			sourceTree = "<group>";
		};
		0C6F37D32C8C4B9F006F5E83 /* View */ = {
			isa = PBXGroup;
			children = (
				0C6F37D42C8C4BA9006F5E83 /* DetailsView.swift */,
				0C6F37D62C8C4CDC006F5E83 /* EpisodesCell.swift */,
			);
			path = View;
			sourceTree = "<group>";
		};
		0C6F37D82C8DA627006F5E83 /* Player */ = {
			isa = PBXGroup;
			children = (
				0C6F37E22C8E3D84006F5E83 /* View */,
			);
			path = Player;
			sourceTree = "<group>";
		};
		0C6F37D92C8DA62D006F5E83 /* View */ = {
			isa = PBXGroup;
			children = (
				0C6F37DA2C8DA63A006F5E83 /* TabBarPlayerView.swift */,
			);
			path = View;
			sourceTree = "<group>";
		};
		0C6F37DC2C8E16F5006F5E83 /* Components */ = {
			isa = PBXGroup;
			children = (
				0C6F37E12C8E3D2F006F5E83 /* TabBarPlayer */,
				0C6F37DD2C8E1700006F5E83 /* CustomSlider.swift */,
				0C6F37DF2C8E2FD4006F5E83 /* RoundedCorner.swift */,
				0C6F37F02C8EA3FB006F5E83 /* AlertToast.swift */,
			);
			path = Components;
			sourceTree = "<group>";
		};
		0C6F37E12C8E3D2F006F5E83 /* TabBarPlayer */ = {
			isa = PBXGroup;
			children = (
				0C6F37D92C8DA62D006F5E83 /* View */,
			);
			path = TabBarPlayer;
			sourceTree = "<group>";
		};
		0C6F37E22C8E3D84006F5E83 /* View */ = {
			isa = PBXGroup;
			children = (
				0C6F37E32C8E3D8F006F5E83 /* PlayerView.swift */,
			);
			path = View;
			sourceTree = "<group>";
		};
		0C6F37E62C8E7625006F5E83 /* Models */ = {
			isa = PBXGroup;
			children = (
				0C6F37E72C8E7634006F5E83 /* Podcast.swift */,
				0C6F37E92C8E7644006F5E83 /* Episode.swift */,
				0C6F37F92C8F3C4C006F5E83 /* PodcastBuilder.swift */,
			);
			path = Models;
			sourceTree = "<group>";
		};
		0C6F37EB2C8E767F006F5E83 /* Network */ = {
			isa = PBXGroup;
			children = (
				0C6F37EC2C8E7690006F5E83 /* PodcastService.swift */,
			);
			path = Network;
			sourceTree = "<group>";
		};
		0C6F37F42C8F2EDD006F5E83 /* Parser */ = {
			isa = PBXGroup;
			children = (
				0C6F37F52C8F2EED006F5E83 /* PodcastXMLParser.swift */,
			);
			path = Parser;
			sourceTree = "<group>";
		};
		21AA36ABFC85BCA9959269D2 /* Frameworks */ = {
			isa = PBXGroup;
			children = (
				93EFAF0057A8723B2A6BFB85 /* Pods_Luminary.framework */,
				4EF3CA24245840A39EB7D650 /* Pods_Luminary_LuminaryUITests.framework */,
				A75D78A4DF45F1E00BFBA6D2 /* Pods_LuminaryTests.framework */,
			);
			name = Frameworks;
			sourceTree = "<group>";
		};
		4D852498F5BF8DE4F0C1D4BF /* Pods */ = {
			isa = PBXGroup;
			children = (
				A8602E1F21CC982077289B69 /* Pods-Luminary.debug.xcconfig */,
				A6A91E85BC40D11F45D962C7 /* Pods-Luminary.release.xcconfig */,
				582B2F1D7BA21836BC2AA333 /* Pods-Luminary-LuminaryUITests.debug.xcconfig */,
				E91E470BCBC3151D6B1474BD /* Pods-Luminary-LuminaryUITests.release.xcconfig */,
				BCB173652E0658CED618C3B2 /* Pods-LuminaryTests.debug.xcconfig */,
				DD3BA4A66B0C75A22838A25D /* Pods-LuminaryTests.release.xcconfig */,
			);
			path = Pods;
			sourceTree = "<group>";
		};
/* End PBXGroup section */

/* Begin PBXNativeTarget section */
		0C6F375F2C8BDDCC006F5E83 /* Luminary */ = {
			isa = PBXNativeTarget;
			buildConfigurationList = 0C6F37862C8BDDCE006F5E83 /* Build configuration list for PBXNativeTarget "Luminary" */;
			buildPhases = (
				B672DF6823FE89E7D5BEC29D /* [CP] Check Pods Manifest.lock */,
				0C6F375C2C8BDDCC006F5E83 /* Sources */,
				0C6F375D2C8BDDCC006F5E83 /* Frameworks */,
				0C6F375E2C8BDDCC006F5E83 /* Resources */,
			);
			buildRules = (
			);
			dependencies = (
			);
			name = Luminary;
			productName = Luminary;
			productReference = 0C6F37602C8BDDCC006F5E83 /* Luminary.app */;
			productType = "com.apple.product-type.application";
		};
		0C6F37712C8BDDCE006F5E83 /* LuminaryTests */ = {
			isa = PBXNativeTarget;
			buildConfigurationList = 0C6F37892C8BDDCE006F5E83 /* Build configuration list for PBXNativeTarget "LuminaryTests" */;
			buildPhases = (
				39DFE9D04FA47213BC985154 /* [CP] Check Pods Manifest.lock */,
				0C6F376E2C8BDDCE006F5E83 /* Sources */,
				0C6F376F2C8BDDCE006F5E83 /* Frameworks */,
				0C6F37702C8BDDCE006F5E83 /* Resources */,
			);
			buildRules = (
			);
			dependencies = (
				0C6F37742C8BDDCE006F5E83 /* PBXTargetDependency */,
			);
			name = LuminaryTests;
			productName = LuminaryTests;
			productReference = 0C6F37722C8BDDCE006F5E83 /* LuminaryTests.xctest */;
			productType = "com.apple.product-type.bundle.unit-test";
		};
		0C6F377B2C8BDDCE006F5E83 /* LuminaryUITests */ = {
			isa = PBXNativeTarget;
			buildConfigurationList = 0C6F378C2C8BDDCE006F5E83 /* Build configuration list for PBXNativeTarget "LuminaryUITests" */;
			buildPhases = (
				615C56FC702EA39E348633A8 /* [CP] Check Pods Manifest.lock */,
				0C6F37782C8BDDCE006F5E83 /* Sources */,
				0C6F37792C8BDDCE006F5E83 /* Frameworks */,
				0C6F377A2C8BDDCE006F5E83 /* Resources */,
			);
			buildRules = (
			);
			dependencies = (
				0C6F377E2C8BDDCE006F5E83 /* PBXTargetDependency */,
			);
			name = LuminaryUITests;
			productName = LuminaryUITests;
			productReference = 0C6F377C2C8BDDCE006F5E83 /* LuminaryUITests.xctest */;
			productType = "com.apple.product-type.bundle.ui-testing";
		};
/* End PBXNativeTarget section */

/* Begin PBXProject section */
		0C6F37582C8BDDCC006F5E83 /* Project object */ = {
			isa = PBXProject;
			attributes = {
				BuildIndependentTargetsInParallel = 1;
				LastSwiftUpdateCheck = 1540;
				LastUpgradeCheck = 1540;
				TargetAttributes = {
					0C6F375F2C8BDDCC006F5E83 = {
						CreatedOnToolsVersion = 15.4;
					};
					0C6F37712C8BDDCE006F5E83 = {
						CreatedOnToolsVersion = 15.4;
						TestTargetID = 0C6F375F2C8BDDCC006F5E83;
					};
					0C6F377B2C8BDDCE006F5E83 = {
						CreatedOnToolsVersion = 15.4;
						TestTargetID = 0C6F375F2C8BDDCC006F5E83;
					};
				};
			};
			buildConfigurationList = 0C6F375B2C8BDDCC006F5E83 /* Build configuration list for PBXProject "Luminary" */;
			compatibilityVersion = "Xcode 14.0";
			developmentRegion = en;
			hasScannedForEncodings = 0;
			knownRegions = (
				en,
				Base,
			);
			mainGroup = 0C6F37572C8BDDCC006F5E83;
			productRefGroup = 0C6F37612C8BDDCC006F5E83 /* Products */;
			projectDirPath = "";
			projectRoot = "";
			targets = (
				0C6F375F2C8BDDCC006F5E83 /* Luminary */,
				0C6F37712C8BDDCE006F5E83 /* LuminaryTests */,
				0C6F377B2C8BDDCE006F5E83 /* LuminaryUITests */,
			);
		};
/* End PBXProject section */

/* Begin PBXResourcesBuildPhase section */
		0C6F375E2C8BDDCC006F5E83 /* Resources */ = {
			isa = PBXResourcesBuildPhase;
			buildActionMask = 2147483647;
			files = (
				0C6F376D2C8BDDCE006F5E83 /* Preview Assets.xcassets in Resources */,
				0C6F376A2C8BDDCD006F5E83 /* Assets.xcassets in Resources */,
			);
			runOnlyForDeploymentPostprocessing = 0;
		};
		0C6F37702C8BDDCE006F5E83 /* Resources */ = {
			isa = PBXResourcesBuildPhase;
			buildActionMask = 2147483647;
			files = (
			);
			runOnlyForDeploymentPostprocessing = 0;
		};
		0C6F377A2C8BDDCE006F5E83 /* Resources */ = {
			isa = PBXResourcesBuildPhase;
			buildActionMask = 2147483647;
			files = (
			);
			runOnlyForDeploymentPostprocessing = 0;
		};
/* End PBXResourcesBuildPhase section */

/* Begin PBXShellScriptBuildPhase section */
		39DFE9D04FA47213BC985154 /* [CP] Check Pods Manifest.lock */ = {
			isa = PBXShellScriptBuildPhase;
			buildActionMask = 2147483647;
			files = (
			);
			inputFileListPaths = (
			);
			inputPaths = (
				"${PODS_PODFILE_DIR_PATH}/Podfile.lock",
				"${PODS_ROOT}/Manifest.lock",
			);
			name = "[CP] Check Pods Manifest.lock";
			outputFileListPaths = (
			);
			outputPaths = (
				"$(DERIVED_FILE_DIR)/Pods-LuminaryTests-checkManifestLockResult.txt",
			);
			runOnlyForDeploymentPostprocessing = 0;
			shellPath = /bin/sh;
			shellScript = "diff \"${PODS_PODFILE_DIR_PATH}/Podfile.lock\" \"${PODS_ROOT}/Manifest.lock\" > /dev/null\nif [ $? != 0 ] ; then\n    # print error to STDERR\n    echo \"error: The sandbox is not in sync with the Podfile.lock. Run 'pod install' or update your CocoaPods installation.\" >&2\n    exit 1\nfi\n# This output is used by Xcode 'outputs' to avoid re-running this script phase.\necho \"SUCCESS\" > \"${SCRIPT_OUTPUT_FILE_0}\"\n";
			showEnvVarsInLog = 0;
		};
		615C56FC702EA39E348633A8 /* [CP] Check Pods Manifest.lock */ = {
			isa = PBXShellScriptBuildPhase;
			buildActionMask = 2147483647;
			files = (
			);
			inputFileListPaths = (
			);
			inputPaths = (
				"${PODS_PODFILE_DIR_PATH}/Podfile.lock",
				"${PODS_ROOT}/Manifest.lock",
			);
			name = "[CP] Check Pods Manifest.lock";
			outputFileListPaths = (
			);
			outputPaths = (
				"$(DERIVED_FILE_DIR)/Pods-Luminary-LuminaryUITests-checkManifestLockResult.txt",
			);
			runOnlyForDeploymentPostprocessing = 0;
			shellPath = /bin/sh;
			shellScript = "diff \"${PODS_PODFILE_DIR_PATH}/Podfile.lock\" \"${PODS_ROOT}/Manifest.lock\" > /dev/null\nif [ $? != 0 ] ; then\n    # print error to STDERR\n    echo \"error: The sandbox is not in sync with the Podfile.lock. Run 'pod install' or update your CocoaPods installation.\" >&2\n    exit 1\nfi\n# This output is used by Xcode 'outputs' to avoid re-running this script phase.\necho \"SUCCESS\" > \"${SCRIPT_OUTPUT_FILE_0}\"\n";
			showEnvVarsInLog = 0;
		};
		B672DF6823FE89E7D5BEC29D /* [CP] Check Pods Manifest.lock */ = {
			isa = PBXShellScriptBuildPhase;
			buildActionMask = 2147483647;
			files = (
			);
			inputFileListPaths = (
			);
			inputPaths = (
				"${PODS_PODFILE_DIR_PATH}/Podfile.lock",
				"${PODS_ROOT}/Manifest.lock",
			);
			name = "[CP] Check Pods Manifest.lock";
			outputFileListPaths = (
			);
			outputPaths = (
				"$(DERIVED_FILE_DIR)/Pods-Luminary-checkManifestLockResult.txt",
			);
			runOnlyForDeploymentPostprocessing = 0;
			shellPath = /bin/sh;
			shellScript = "diff \"${PODS_PODFILE_DIR_PATH}/Podfile.lock\" \"${PODS_ROOT}/Manifest.lock\" > /dev/null\nif [ $? != 0 ] ; then\n    # print error to STDERR\n    echo \"error: The sandbox is not in sync with the Podfile.lock. Run 'pod install' or update your CocoaPods installation.\" >&2\n    exit 1\nfi\n# This output is used by Xcode 'outputs' to avoid re-running this script phase.\necho \"SUCCESS\" > \"${SCRIPT_OUTPUT_FILE_0}\"\n";
			showEnvVarsInLog = 0;
		};
/* End PBXShellScriptBuildPhase section */

/* Begin PBXSourcesBuildPhase section */
		0C6F375C2C8BDDCC006F5E83 /* Sources */ = {
			isa = PBXSourcesBuildPhase;
			buildActionMask = 2147483647;
			files = (
				0C6F37A82C8C2F33006F5E83 /* NavigationBarModifier.swift in Sources */,
				0C6F37E82C8E7634006F5E83 /* Podcast.swift in Sources */,
				0C6F37DE2C8E1700006F5E83 /* CustomSlider.swift in Sources */,
				0C6F37EF2C8E76CF006F5E83 /* HomeViewModel.swift in Sources */,
				0C6F37F32C8EA444006F5E83 /* ToastModifier.swift in Sources */,
				0C6F37CB2C8C40C7006F5E83 /* TextFieldStyle.swift in Sources */,
				0C6F37F62C8F2EED006F5E83 /* PodcastXMLParser.swift in Sources */,
				0C6F37FA2C8F3C4C006F5E83 /* PodcastBuilder.swift in Sources */,
				0C6F37E42C8E3D8F006F5E83 /* PlayerView.swift in Sources */,
				0C6F37F12C8EA3FB006F5E83 /* AlertToast.swift in Sources */,
				0C6F37CD2C8C44B3006F5E83 /* AppRootManager.swift in Sources */,
				0C6F37C12C8C405C006F5E83 /* HomeView.swift in Sources */,
				0C6F37EA2C8E7644006F5E83 /* Episode.swift in Sources */,
				0C6F37D52C8C4BA9006F5E83 /* DetailsView.swift in Sources */,
				0C6F37D72C8C4CDC006F5E83 /* EpisodesCell.swift in Sources */,
				0C6F37F82C8F2F6C006F5E83 /* DateFormatter+Extensions.swift in Sources */,
				0C6F37ED2C8E7690006F5E83 /* PodcastService.swift in Sources */,
				0C6F37D12C8C4591006F5E83 /* RecentCell.swift in Sources */,
				0C6F37DB2C8DA63B006F5E83 /* TabBarPlayerView.swift in Sources */,
				0C6F37682C8BDDCC006F5E83 /* Item.swift in Sources */,
				0C6F37BC2C8C400F006F5E83 /* Color+Extensions.swift in Sources */,
				0C6F37BB2C8C400F006F5E83 /* View+Extensions.swift in Sources */,
				0C6F37E02C8E2FD4006F5E83 /* RoundedCorner.swift in Sources */,
				0C6F37642C8BDDCC006F5E83 /* LuminaryApp.swift in Sources */,
				0C6F37942C8C05C7006F5E83 /* LaunchScreenView.swift in Sources */,
			);
			runOnlyForDeploymentPostprocessing = 0;
		};
		0C6F376E2C8BDDCE006F5E83 /* Sources */ = {
			isa = PBXSourcesBuildPhase;
			buildActionMask = 2147483647;
			files = (
				0C6F37772C8BDDCE006F5E83 /* LuminaryTests.swift in Sources */,
			);
			runOnlyForDeploymentPostprocessing = 0;
		};
		0C6F37782C8BDDCE006F5E83 /* Sources */ = {
			isa = PBXSourcesBuildPhase;
			buildActionMask = 2147483647;
			files = (
				0C6F37832C8BDDCE006F5E83 /* LuminaryUITestsLaunchTests.swift in Sources */,
				0C6F37812C8BDDCE006F5E83 /* LuminaryUITests.swift in Sources */,
			);
			runOnlyForDeploymentPostprocessing = 0;
		};
/* End PBXSourcesBuildPhase section */

/* Begin PBXTargetDependency section */
		0C6F37742C8BDDCE006F5E83 /* PBXTargetDependency */ = {
			isa = PBXTargetDependency;
			target = 0C6F375F2C8BDDCC006F5E83 /* Luminary */;
			targetProxy = 0C6F37732C8BDDCE006F5E83 /* PBXContainerItemProxy */;
		};
		0C6F377E2C8BDDCE006F5E83 /* PBXTargetDependency */ = {
			isa = PBXTargetDependency;
			target = 0C6F375F2C8BDDCC006F5E83 /* Luminary */;
			targetProxy = 0C6F377D2C8BDDCE006F5E83 /* PBXContainerItemProxy */;
		};
/* End PBXTargetDependency section */

/* Begin XCBuildConfiguration section */
		0C6F37842C8BDDCE006F5E83 /* Debug */ = {
			isa = XCBuildConfiguration;
			buildSettings = {
				ALWAYS_SEARCH_USER_PATHS = NO;
				ASSETCATALOG_COMPILER_GENERATE_SWIFT_ASSET_SYMBOL_EXTENSIONS = YES;
				CLANG_ANALYZER_NONNULL = YES;
				CLANG_ANALYZER_NUMBER_OBJECT_CONVERSION = YES_AGGRESSIVE;
				CLANG_CXX_LANGUAGE_STANDARD = "gnu++20";
				CLANG_ENABLE_MODULES = YES;
				CLANG_ENABLE_OBJC_ARC = YES;
				CLANG_ENABLE_OBJC_WEAK = YES;
				CLANG_WARN_BLOCK_CAPTURE_AUTORELEASING = YES;
				CLANG_WARN_BOOL_CONVERSION = YES;
				CLANG_WARN_COMMA = YES;
				CLANG_WARN_CONSTANT_CONVERSION = YES;
				CLANG_WARN_DEPRECATED_OBJC_IMPLEMENTATIONS = YES;
				CLANG_WARN_DIRECT_OBJC_ISA_USAGE = YES_ERROR;
				CLANG_WARN_DOCUMENTATION_COMMENTS = YES;
				CLANG_WARN_EMPTY_BODY = YES;
				CLANG_WARN_ENUM_CONVERSION = YES;
				CLANG_WARN_INFINITE_RECURSION = YES;
				CLANG_WARN_INT_CONVERSION = YES;
				CLANG_WARN_NON_LITERAL_NULL_CONVERSION = YES;
				CLANG_WARN_OBJC_IMPLICIT_RETAIN_SELF = YES;
				CLANG_WARN_OBJC_LITERAL_CONVERSION = YES;
				CLANG_WARN_OBJC_ROOT_CLASS = YES_ERROR;
				CLANG_WARN_QUOTED_INCLUDE_IN_FRAMEWORK_HEADER = YES;
				CLANG_WARN_RANGE_LOOP_ANALYSIS = YES;
				CLANG_WARN_STRICT_PROTOTYPES = YES;
				CLANG_WARN_SUSPICIOUS_MOVE = YES;
				CLANG_WARN_UNGUARDED_AVAILABILITY = YES_AGGRESSIVE;
				CLANG_WARN_UNREACHABLE_CODE = YES;
				CLANG_WARN__DUPLICATE_METHOD_MATCH = YES;
				COPY_PHASE_STRIP = NO;
				DEBUG_INFORMATION_FORMAT = dwarf;
				ENABLE_STRICT_OBJC_MSGSEND = YES;
				ENABLE_TESTABILITY = YES;
				ENABLE_USER_SCRIPT_SANDBOXING = YES;
				GCC_C_LANGUAGE_STANDARD = gnu17;
				GCC_DYNAMIC_NO_PIC = NO;
				GCC_NO_COMMON_BLOCKS = YES;
				GCC_OPTIMIZATION_LEVEL = 0;
				GCC_PREPROCESSOR_DEFINITIONS = (
					"DEBUG=1",
					"$(inherited)",
				);
				GCC_WARN_64_TO_32_BIT_CONVERSION = YES;
				GCC_WARN_ABOUT_RETURN_TYPE = YES_ERROR;
				GCC_WARN_UNDECLARED_SELECTOR = YES;
				GCC_WARN_UNINITIALIZED_AUTOS = YES_AGGRESSIVE;
				GCC_WARN_UNUSED_FUNCTION = YES;
				GCC_WARN_UNUSED_VARIABLE = YES;
				IPHONEOS_DEPLOYMENT_TARGET = 17.5;
				LOCALIZATION_PREFERS_STRING_CATALOGS = YES;
				MTL_ENABLE_DEBUG_INFO = INCLUDE_SOURCE;
				MTL_FAST_MATH = YES;
				ONLY_ACTIVE_ARCH = YES;
				SDKROOT = iphoneos;
				SWIFT_ACTIVE_COMPILATION_CONDITIONS = "DEBUG $(inherited)";
				SWIFT_OPTIMIZATION_LEVEL = "-Onone";
			};
			name = Debug;
		};
		0C6F37852C8BDDCE006F5E83 /* Release */ = {
			isa = XCBuildConfiguration;
			buildSettings = {
				ALWAYS_SEARCH_USER_PATHS = NO;
				ASSETCATALOG_COMPILER_GENERATE_SWIFT_ASSET_SYMBOL_EXTENSIONS = YES;
				CLANG_ANALYZER_NONNULL = YES;
				CLANG_ANALYZER_NUMBER_OBJECT_CONVERSION = YES_AGGRESSIVE;
				CLANG_CXX_LANGUAGE_STANDARD = "gnu++20";
				CLANG_ENABLE_MODULES = YES;
				CLANG_ENABLE_OBJC_ARC = YES;
				CLANG_ENABLE_OBJC_WEAK = YES;
				CLANG_WARN_BLOCK_CAPTURE_AUTORELEASING = YES;
				CLANG_WARN_BOOL_CONVERSION = YES;
				CLANG_WARN_COMMA = YES;
				CLANG_WARN_CONSTANT_CONVERSION = YES;
				CLANG_WARN_DEPRECATED_OBJC_IMPLEMENTATIONS = YES;
				CLANG_WARN_DIRECT_OBJC_ISA_USAGE = YES_ERROR;
				CLANG_WARN_DOCUMENTATION_COMMENTS = YES;
				CLANG_WARN_EMPTY_BODY = YES;
				CLANG_WARN_ENUM_CONVERSION = YES;
				CLANG_WARN_INFINITE_RECURSION = YES;
				CLANG_WARN_INT_CONVERSION = YES;
				CLANG_WARN_NON_LITERAL_NULL_CONVERSION = YES;
				CLANG_WARN_OBJC_IMPLICIT_RETAIN_SELF = YES;
				CLANG_WARN_OBJC_LITERAL_CONVERSION = YES;
				CLANG_WARN_OBJC_ROOT_CLASS = YES_ERROR;
				CLANG_WARN_QUOTED_INCLUDE_IN_FRAMEWORK_HEADER = YES;
				CLANG_WARN_RANGE_LOOP_ANALYSIS = YES;
				CLANG_WARN_STRICT_PROTOTYPES = YES;
				CLANG_WARN_SUSPICIOUS_MOVE = YES;
				CLANG_WARN_UNGUARDED_AVAILABILITY = YES_AGGRESSIVE;
				CLANG_WARN_UNREACHABLE_CODE = YES;
				CLANG_WARN__DUPLICATE_METHOD_MATCH = YES;
				COPY_PHASE_STRIP = NO;
				DEBUG_INFORMATION_FORMAT = "dwarf-with-dsym";
				ENABLE_NS_ASSERTIONS = NO;
				ENABLE_STRICT_OBJC_MSGSEND = YES;
				ENABLE_USER_SCRIPT_SANDBOXING = YES;
				GCC_C_LANGUAGE_STANDARD = gnu17;
				GCC_NO_COMMON_BLOCKS = YES;
				GCC_WARN_64_TO_32_BIT_CONVERSION = YES;
				GCC_WARN_ABOUT_RETURN_TYPE = YES_ERROR;
				GCC_WARN_UNDECLARED_SELECTOR = YES;
				GCC_WARN_UNINITIALIZED_AUTOS = YES_AGGRESSIVE;
				GCC_WARN_UNUSED_FUNCTION = YES;
				GCC_WARN_UNUSED_VARIABLE = YES;
				IPHONEOS_DEPLOYMENT_TARGET = 17.5;
				LOCALIZATION_PREFERS_STRING_CATALOGS = YES;
				MTL_ENABLE_DEBUG_INFO = NO;
				MTL_FAST_MATH = YES;
				SDKROOT = iphoneos;
				SWIFT_COMPILATION_MODE = wholemodule;
				VALIDATE_PRODUCT = YES;
			};
			name = Release;
		};
		0C6F37872C8BDDCE006F5E83 /* Debug */ = {
			isa = XCBuildConfiguration;
			baseConfigurationReference = A8602E1F21CC982077289B69 /* Pods-Luminary.debug.xcconfig */;
			buildSettings = {
				ASSETCATALOG_COMPILER_APPICON_NAME = AppIcon;
				ASSETCATALOG_COMPILER_GLOBAL_ACCENT_COLOR_NAME = AccentColor;
				CODE_SIGN_STYLE = Automatic;
				CURRENT_PROJECT_VERSION = 1;
				DEVELOPMENT_ASSET_PATHS = "\"Luminary/Preview Content\"";
				ENABLE_PREVIEWS = YES;
				GENERATE_INFOPLIST_FILE = YES;
				INFOPLIST_KEY_UIApplicationSceneManifest_Generation = YES;
				INFOPLIST_KEY_UIApplicationSupportsIndirectInputEvents = YES;
				INFOPLIST_KEY_UILaunchScreen_Generation = YES;
				INFOPLIST_KEY_UISupportedInterfaceOrientations_iPad = "UIInterfaceOrientationPortrait UIInterfaceOrientationPortraitUpsideDown UIInterfaceOrientationLandscapeLeft UIInterfaceOrientationLandscapeRight";
				INFOPLIST_KEY_UISupportedInterfaceOrientations_iPhone = "UIInterfaceOrientationPortrait UIInterfaceOrientationLandscapeLeft UIInterfaceOrientationLandscapeRight";
				LD_RUNPATH_SEARCH_PATHS = (
					"$(inherited)",
					"@executable_path/Frameworks",
				);
				MARKETING_VERSION = 1.0;
				PRODUCT_BUNDLE_IDENTIFIER = yagovanzan.Luminary;
				PRODUCT_NAME = "$(TARGET_NAME)";
				SWIFT_EMIT_LOC_STRINGS = YES;
				SWIFT_VERSION = 5.0;
				TARGETED_DEVICE_FAMILY = "1,2";
			};
			name = Debug;
		};
		0C6F37882C8BDDCE006F5E83 /* Release */ = {
			isa = XCBuildConfiguration;
			baseConfigurationReference = A6A91E85BC40D11F45D962C7 /* Pods-Luminary.release.xcconfig */;
			buildSettings = {
				ASSETCATALOG_COMPILER_APPICON_NAME = AppIcon;
				ASSETCATALOG_COMPILER_GLOBAL_ACCENT_COLOR_NAME = AccentColor;
				CODE_SIGN_STYLE = Automatic;
				CURRENT_PROJECT_VERSION = 1;
				DEVELOPMENT_ASSET_PATHS = "\"Luminary/Preview Content\"";
				ENABLE_PREVIEWS = YES;
				GENERATE_INFOPLIST_FILE = YES;
				INFOPLIST_KEY_UIApplicationSceneManifest_Generation = YES;
				INFOPLIST_KEY_UIApplicationSupportsIndirectInputEvents = YES;
				INFOPLIST_KEY_UILaunchScreen_Generation = YES;
				INFOPLIST_KEY_UISupportedInterfaceOrientations_iPad = "UIInterfaceOrientationPortrait UIInterfaceOrientationPortraitUpsideDown UIInterfaceOrientationLandscapeLeft UIInterfaceOrientationLandscapeRight";
				INFOPLIST_KEY_UISupportedInterfaceOrientations_iPhone = "UIInterfaceOrientationPortrait UIInterfaceOrientationLandscapeLeft UIInterfaceOrientationLandscapeRight";
				LD_RUNPATH_SEARCH_PATHS = (
					"$(inherited)",
					"@executable_path/Frameworks",
				);
				MARKETING_VERSION = 1.0;
				PRODUCT_BUNDLE_IDENTIFIER = yagovanzan.Luminary;
				PRODUCT_NAME = "$(TARGET_NAME)";
				SWIFT_EMIT_LOC_STRINGS = YES;
				SWIFT_VERSION = 5.0;
				TARGETED_DEVICE_FAMILY = "1,2";
			};
			name = Release;
		};
		0C6F378A2C8BDDCE006F5E83 /* Debug */ = {
			isa = XCBuildConfiguration;
			baseConfigurationReference = BCB173652E0658CED618C3B2 /* Pods-LuminaryTests.debug.xcconfig */;
			buildSettings = {
				ALWAYS_EMBED_SWIFT_STANDARD_LIBRARIES = YES;
				BUNDLE_LOADER = "$(TEST_HOST)";
				CODE_SIGN_STYLE = Automatic;
				CURRENT_PROJECT_VERSION = 1;
				GENERATE_INFOPLIST_FILE = YES;
				IPHONEOS_DEPLOYMENT_TARGET = 17.5;
				MARKETING_VERSION = 1.0;
				PRODUCT_BUNDLE_IDENTIFIER = yagovanzan.LuminaryTests;
				PRODUCT_NAME = "$(TARGET_NAME)";
				SWIFT_EMIT_LOC_STRINGS = NO;
				SWIFT_VERSION = 5.0;
				TARGETED_DEVICE_FAMILY = "1,2";
				TEST_HOST = "$(BUILT_PRODUCTS_DIR)/Luminary.app/$(BUNDLE_EXECUTABLE_FOLDER_PATH)/Luminary";
			};
			name = Debug;
		};
		0C6F378B2C8BDDCE006F5E83 /* Release */ = {
			isa = XCBuildConfiguration;
			baseConfigurationReference = DD3BA4A66B0C75A22838A25D /* Pods-LuminaryTests.release.xcconfig */;
			buildSettings = {
				ALWAYS_EMBED_SWIFT_STANDARD_LIBRARIES = YES;
				BUNDLE_LOADER = "$(TEST_HOST)";
				CODE_SIGN_STYLE = Automatic;
				CURRENT_PROJECT_VERSION = 1;
				GENERATE_INFOPLIST_FILE = YES;
				IPHONEOS_DEPLOYMENT_TARGET = 17.5;
				MARKETING_VERSION = 1.0;
				PRODUCT_BUNDLE_IDENTIFIER = yagovanzan.LuminaryTests;
				PRODUCT_NAME = "$(TARGET_NAME)";
				SWIFT_EMIT_LOC_STRINGS = NO;
				SWIFT_VERSION = 5.0;
				TARGETED_DEVICE_FAMILY = "1,2";
				TEST_HOST = "$(BUILT_PRODUCTS_DIR)/Luminary.app/$(BUNDLE_EXECUTABLE_FOLDER_PATH)/Luminary";
			};
			name = Release;
		};
		0C6F378D2C8BDDCE006F5E83 /* Debug */ = {
			isa = XCBuildConfiguration;
			baseConfigurationReference = 582B2F1D7BA21836BC2AA333 /* Pods-Luminary-LuminaryUITests.debug.xcconfig */;
			buildSettings = {
				ALWAYS_EMBED_SWIFT_STANDARD_LIBRARIES = YES;
				CODE_SIGN_STYLE = Automatic;
				CURRENT_PROJECT_VERSION = 1;
				GENERATE_INFOPLIST_FILE = YES;
				MARKETING_VERSION = 1.0;
				PRODUCT_BUNDLE_IDENTIFIER = yagovanzan.LuminaryUITests;
				PRODUCT_NAME = "$(TARGET_NAME)";
				SWIFT_EMIT_LOC_STRINGS = NO;
				SWIFT_VERSION = 5.0;
				TARGETED_DEVICE_FAMILY = "1,2";
				TEST_TARGET_NAME = Luminary;
			};
			name = Debug;
		};
		0C6F378E2C8BDDCE006F5E83 /* Release */ = {
			isa = XCBuildConfiguration;
			baseConfigurationReference = E91E470BCBC3151D6B1474BD /* Pods-Luminary-LuminaryUITests.release.xcconfig */;
			buildSettings = {
				ALWAYS_EMBED_SWIFT_STANDARD_LIBRARIES = YES;
				CODE_SIGN_STYLE = Automatic;
				CURRENT_PROJECT_VERSION = 1;
				GENERATE_INFOPLIST_FILE = YES;
				MARKETING_VERSION = 1.0;
				PRODUCT_BUNDLE_IDENTIFIER = yagovanzan.LuminaryUITests;
				PRODUCT_NAME = "$(TARGET_NAME)";
				SWIFT_EMIT_LOC_STRINGS = NO;
				SWIFT_VERSION = 5.0;
				TARGETED_DEVICE_FAMILY = "1,2";
				TEST_TARGET_NAME = Luminary;
			};
			name = Release;
		};
/* End XCBuildConfiguration section */

/* Begin XCConfigurationList section */
		0C6F375B2C8BDDCC006F5E83 /* Build configuration list for PBXProject "Luminary" */ = {
			isa = XCConfigurationList;
			buildConfigurations = (
				0C6F37842C8BDDCE006F5E83 /* Debug */,
				0C6F37852C8BDDCE006F5E83 /* Release */,
			);
			defaultConfigurationIsVisible = 0;
			defaultConfigurationName = Release;
		};
		0C6F37862C8BDDCE006F5E83 /* Build configuration list for PBXNativeTarget "Luminary" */ = {
			isa = XCConfigurationList;
			buildConfigurations = (
				0C6F37872C8BDDCE006F5E83 /* Debug */,
				0C6F37882C8BDDCE006F5E83 /* Release */,
			);
			defaultConfigurationIsVisible = 0;
			defaultConfigurationName = Release;
		};
		0C6F37892C8BDDCE006F5E83 /* Build configuration list for PBXNativeTarget "LuminaryTests" */ = {
			isa = XCConfigurationList;
			buildConfigurations = (
				0C6F378A2C8BDDCE006F5E83 /* Debug */,
				0C6F378B2C8BDDCE006F5E83 /* Release */,
			);
			defaultConfigurationIsVisible = 0;
			defaultConfigurationName = Release;
		};
		0C6F378C2C8BDDCE006F5E83 /* Build configuration list for PBXNativeTarget "LuminaryUITests" */ = {
			isa = XCConfigurationList;
			buildConfigurations = (
				0C6F378D2C8BDDCE006F5E83 /* Debug */,
				0C6F378E2C8BDDCE006F5E83 /* Release */,
			);
			defaultConfigurationIsVisible = 0;
			defaultConfigurationName = Release;
		};
/* End XCConfigurationList section */
	};
	rootObject = 0C6F37582C8BDDCC006F5E83 /* Project object */;
}
